
Microsoft Visual Studio Solution File, Format Version 12.00
# Visual Studio 15
VisualStudioVersion = 15.0.27130.2010
MinimumVisualStudioVersion = 10.0.40219.1
Project("{FAE04EC0-301F-11D3-BF4B-00C04F79EFBC}") = "MathGame", "MathGame\MathGame.csproj", "{26A2E143-A23B-415A-BF50-F40B267C1282}"
EndProject
Project("{FAE04EC0-301F-11D3-BF4B-00C04F79EFBC}") = "MathGame.Data", "MathGame.Data\MathGame.Data.csproj", "{5884811E-6007-405D-80E4-5A6EEF2AD24A}"
EndProject
Project("{FAE04EC0-301F-11D3-BF4B-00C04F79EFBC}") = "MathGame.Model", "MathGame.Model\MathGame.Model.csproj", "{DC9766BF-610A-48D4-BDC1-554C7C9F4C01}"
EndProject
Global
	GlobalSection(SolutionConfigurationPlatforms) = preSolution
		Debug|Any CPU = Debug|Any CPU
		Release|Any CPU = Release|Any CPU
	EndGlobalSection
	GlobalSection(ProjectConfigurationPlatforms) = postSolution
		{26A2E143-A23B-415A-BF50-F40B267C1282}.Debug|Any CPU.ActiveCfg = Debug|Any CPU
		{26A2E143-A23B-415A-BF50-F40B267C1282}.Debug|Any CPU.Build.0 = Debug|Any CPU
		{26A2E143-A23B-415A-BF50-F40B267C1282}.Release|Any CPU.ActiveCfg = Release|Any CPU
		{26A2E143-A23B-415A-BF50-F40B267C1282}.Release|Any CPU.Build.0 = Release|Any CPU
		{5884811E-6007-405D-80E4-5A6EEF2AD24A}.Debug|Any CPU.ActiveCfg = Debug|Any CPU
		{5884811E-6007-405D-80E4-5A6EEF2AD24A}.Debug|Any CPU.Build.0 = Debug|Any CPU
		{5884811E-6007-405D-80E4-5A6EEF2AD24A}.Release|Any CPU.ActiveCfg = Release|Any CPU
		{5884811E-6007-405D-80E4-5A6EEF2AD24A}.Release|Any CPU.Build.0 = Release|Any CPU
		{DC9766BF-610A-48D4-BDC1-554C7C9F4C01}.Debug|Any CPU.ActiveCfg = Debug|Any CPU
		{DC9766BF-610A-48D4-BDC1-554C7C9F4C01}.Debug|Any CPU.Build.0 = Debug|Any CPU
		{DC9766BF-610A-48D4-BDC1-554C7C9F4C01}.Release|Any CPU.ActiveCfg = Release|Any CPU
		{DC9766BF-610A-48D4-BDC1-554C7C9F4C01}.Release|Any CPU.Build.0 = Release|Any CPU
	EndGlobalSection
	GlobalSection(SolutionProperties) = preSolution
		HideSolutionNode = FALSE
	EndGlobalSection
	GlobalSection(ExtensibilityGlobals) = postSolution
		SolutionGuid = {EA2831FA-AA9E-4019-AF2A-011820C52E81}
	EndGlobalSection
EndGlobal
